{
    "_readme": [
        "This file locks the dependencies of your project to a known state",
        "Read more about it at https://getcomposer.org/doc/01-basic-usage.md#installing-dependencies",
        "This file is @generated automatically"
    ],
    "content-hash": "bea1010ce5336beb5f98a29fd3cbf54e",
    "packages": [
        {
            "name": "marinoricardo/nanophp",
            "version": "dev-main",
            "dist": {
                "type": "path",
                "url": "../NanoPHP",
                "reference": "4038045f5d81182de56e91c539f87c57ff8bee40"
            },
            "require": {
                "ext-pdo": "*",
                "php": ">=8.0"
            },
            "type": "library",
            "autoload": {
                "psr-4": {
                    "Core\\": "core/"
                }
            },
            "license": [
                "MIT"
            ],
            "authors": [
                {
                    "name": "Marino Ricardo",
                    "email": "marinoricardo814@gmail.com"
                }
            ],
            "description": "NanoPHP - micro framework PHP puro e leve",
            "transport-options": {
                "relative": true
            }
        }
    ],
    "packages-dev": [],
    "aliases": [],
    "minimum-stability": "dev",
    "stability-flags": {},
    "prefer-stable": true,
    "prefer-lowest": false,
    "platform": {},
    "platform-dev": {},
    "plugin-api-version": "2.6.0"
}
